NeoBundleLock neobundle.vim 0469b51d99cb52bf8d6c416b3ed6159a2cdaed9c
NeoBundleLock neocomplete 0a8a7e8a72a23459c2eda5116fe9b22b0dad7a3e
NeoBundleLock syntastic 5c6e78a2711aa5d04d116123d78684b620033c3d
NeoBundleLock vim-airline 67de5f2257f8d5def7a31e3009d4298ce977cb80
NeoBundleLock vim-fugitive e065e4f841f4a033ac9a6156573a446007617b1d
